
Microsoft Visual Studio Solution File, Format Version 12.00
# Visual Studio Version 16
VisualStudioVersion = 16.0.30503.244
MinimumVisualStudioVersion = 10.0.40219.1
Project("{FAE04EC0-301F-11D3-BF4B-00C04F79EFBC}") = "jumpthingy", "jumpthingy\jumpthingy.csproj", "{2B460ADF-F0F1-4651-9A30-61DE7EAC53C4}"
EndProject
Global
	GlobalSection(SolutionConfigurationPlatforms) = preSolution
		Debug|Any CPU = Debug|Any CPU
		Release|Any CPU = Release|Any CPU
	EndGlobalSection
	GlobalSection(ProjectConfigurationPlatforms) = postSolution
		{2B460ADF-F0F1-4651-9A30-61DE7EAC53C4}.Debug|Any CPU.ActiveCfg = Debug|Any CPU
		{2B460ADF-F0F1-4651-9A30-61DE7EAC53C4}.Debug|Any CPU.Build.0 = Debug|Any CPU
		{2B460ADF-F0F1-4651-9A30-61DE7EAC53C4}.Release|Any CPU.ActiveCfg = Release|Any CPU
		{2B460ADF-F0F1-4651-9A30-61DE7EAC53C4}.Release|Any CPU.Build.0 = Release|Any CPU
	EndGlobalSection
	GlobalSection(SolutionProperties) = preSolution
		HideSolutionNode = FALSE
	EndGlobalSection
	GlobalSection(ExtensibilityGlobals) = postSolution
		SolutionGuid = {BE3FC225-19AD-4CDF-88CB-A2EBBC71E9A4}
	EndGlobalSection
EndGlobal
